
Microsoft Visual Studio Solution File, Format Version 12.00
# Visual Studio Version 17
VisualStudioVersion = 17.7.34031.279
MinimumVisualStudioVersion = 10.0.40219.1
Project("{FAE04EC0-301F-11D3-BF4B-00C04F79EFBC}") = "bai1", "bai1\bai1.csproj", "{60A5B12E-765C-4233-A072-2B464DFDB615}"
EndProject
Project("{FAE04EC0-301F-11D3-BF4B-00C04F79EFBC}") = "bai2", "bai2\bai2.csproj", "{8DB5CA93-8099-42ED-ACB3-3066DE066ADD}"
EndProject
Global
	GlobalSection(SolutionConfigurationPlatforms) = preSolution
		Debug|Any CPU = Debug|Any CPU
		Release|Any CPU = Release|Any CPU
	EndGlobalSection
	GlobalSection(ProjectConfigurationPlatforms) = postSolution
		{60A5B12E-765C-4233-A072-2B464DFDB615}.Debug|Any CPU.ActiveCfg = Debug|Any CPU
		{60A5B12E-765C-4233-A072-2B464DFDB615}.Debug|Any CPU.Build.0 = Debug|Any CPU
		{60A5B12E-765C-4233-A072-2B464DFDB615}.Release|Any CPU.ActiveCfg = Release|Any CPU
		{60A5B12E-765C-4233-A072-2B464DFDB615}.Release|Any CPU.Build.0 = Release|Any CPU
		{8DB5CA93-8099-42ED-ACB3-3066DE066ADD}.Debug|Any CPU.ActiveCfg = Debug|Any CPU
		{8DB5CA93-8099-42ED-ACB3-3066DE066ADD}.Debug|Any CPU.Build.0 = Debug|Any CPU
		{8DB5CA93-8099-42ED-ACB3-3066DE066ADD}.Release|Any CPU.ActiveCfg = Release|Any CPU
		{8DB5CA93-8099-42ED-ACB3-3066DE066ADD}.Release|Any CPU.Build.0 = Release|Any CPU
	EndGlobalSection
	GlobalSection(SolutionProperties) = preSolution
		HideSolutionNode = FALSE
	EndGlobalSection
	GlobalSection(ExtensibilityGlobals) = postSolution
		SolutionGuid = {1D9852E1-8E14-44FD-91B2-E98EC2479DAC}
	EndGlobalSection
EndGlobal
